
Microsoft Visual Studio Solution File, Format Version 12.00
# Visual Studio Version 17
VisualStudioVersion = 17.13.35919.96 d17.13
MinimumVisualStudioVersion = 10.0.40219.1
Project("{FAE04EC0-301F-11D3-BF4B-00C04F79EFBC}") = "ExamOOP", "ExamOOP\ExamOOP.csproj", "{4F2893A0-19F5-45D7-9791-18656BD92720}"
EndProject
Global
	GlobalSection(SolutionConfigurationPlatforms) = preSolution
		Debug|Any CPU = Debug|Any CPU
		Release|Any CPU = Release|Any CPU
	EndGlobalSection
	GlobalSection(ProjectConfigurationPlatforms) = postSolution
		{4F2893A0-19F5-45D7-9791-18656BD92720}.Debug|Any CPU.ActiveCfg = Debug|Any CPU
		{4F2893A0-19F5-45D7-9791-18656BD92720}.Debug|Any CPU.Build.0 = Debug|Any CPU
		{4F2893A0-19F5-45D7-9791-18656BD92720}.Release|Any CPU.ActiveCfg = Release|Any CPU
		{4F2893A0-19F5-45D7-9791-18656BD92720}.Release|Any CPU.Build.0 = Release|Any CPU
	EndGlobalSection
	GlobalSection(SolutionProperties) = preSolution
		HideSolutionNode = FALSE
	EndGlobalSection
	GlobalSection(ExtensibilityGlobals) = postSolution
		SolutionGuid = {73D6A137-1DF4-4315-9DCD-A767950AB0EF}
	EndGlobalSection
EndGlobal
